// !$*UTF8*$!
{
	archiveVersion = 1;
	classes = {
	};
	objectVersion = 48;
	objects = {

/* Begin PBXBuildFile section */
		684CCBE81F43408A00DA40A1 /* AppDelegate.swift in Sources */ = {isa = PBXBuildFile; fileRef = 684CCBE71F43408A00DA40A1 /* AppDelegate.swift */; };
		684CCBEA1F43408A00DA40A1 /* ViewController.swift in Sources */ = {isa = PBXBuildFile; fileRef = 684CCBE91F43408A00DA40A1 /* ViewController.swift */; };
		684CCBED1F43408A00DA40A1 /* Main.storyboard in Resources */ = {isa = PBXBuildFile; fileRef = 684CCBEB1F43408A00DA40A1 /* Main.storyboard */; };
		684CCBEF1F43408A00DA40A1 /* Assets.xcassets in Resources */ = {isa = PBXBuildFile; fileRef = 684CCBEE1F43408A00DA40A1 /* Assets.xcassets */; };
		684CCBF21F43408A00DA40A1 /* LaunchScreen.storyboard in Resources */ = {isa = PBXBuildFile; fileRef = 684CCBF01F43408A00DA40A1 /* LaunchScreen.storyboard */; };
		684CCC001F43438600DA40A1 /* OperationQueuesTests.swift in Sources */ = {isa = PBXBuildFile; fileRef = 684CCBFF1F43438600DA40A1 /* OperationQueuesTests.swift */; };
/* End PBXBuildFile section */

/* Begin PBXContainerItemProxy section */
		684CCC021F43438600DA40A1 /* PBXContainerItemProxy */ = {
			isa = PBXContainerItemProxy;
			containerPortal = 684CCBDC1F43408A00DA40A1 /* Project object */;
			proxyType = 1;
			remoteGlobalIDString = 684CCBE31F43408A00DA40A1;
			remoteInfo = OperationQueues;
		};
/* End PBXContainerItemProxy section */

/* Begin PBXFileReference section */
		684CCBE41F43408A00DA40A1 /* OperationQueues.app */ = {isa = PBXFileReference; explicitFileType = wrapper.application; includeInIndex = 0; path = OperationQueues.app; sourceTree = BUILT_PRODUCTS_DIR; };
		684CCBE71F43408A00DA40A1 /* AppDelegate.swift */ = {isa = PBXFileReference; lastKnownFileType = sourcecode.swift; path = AppDelegate.swift; sourceTree = "<group>"; };
		684CCBE91F43408A00DA40A1 /* ViewController.swift */ = {isa = PBXFileReference; lastKnownFileType = sourcecode.swift; path = ViewController.swift; sourceTree = "<group>"; };
		684CCBEC1F43408A00DA40A1 /* Base */ = {isa = PBXFileReference; lastKnownFileType = file.storyboard; name = Base; path = Base.lproj/Main.storyboard; sourceTree = "<group>"; };
		684CCBEE1F43408A00DA40A1 /* Assets.xcassets */ = {isa = PBXFileReference; lastKnownFileType = folder.assetcatalog; path = Assets.xcassets; sourceTree = "<group>"; };
		684CCBF11F43408A00DA40A1 /* Base */ = {isa = PBXFileReference; lastKnownFileType = file.storyboard; name = Base; path = Base.lproj/LaunchScreen.storyboard; sourceTree = "<group>"; };
		684CCBF31F43408A00DA40A1 /* Info.plist */ = {isa = PBXFileReference; lastKnownFileType = text.plist.xml; path = Info.plist; sourceTree = "<group>"; };
		684CCBFD1F43438600DA40A1 /* OperationQueuesTests.xctest */ = {isa = PBXFileReference; explicitFileType = wrapper.cfbundle; includeInIndex = 0; path = OperationQueuesTests.xctest; sourceTree = BUILT_PRODUCTS_DIR; };
		684CCBFF1F43438600DA40A1 /* OperationQueuesTests.swift */ = {isa = PBXFileReference; lastKnownFileType = sourcecode.swift; path = OperationQueuesTests.swift; sourceTree = "<group>"; };
		684CCC011F43438600DA40A1 /* Info.plist */ = {isa = PBXFileReference; lastKnownFileType = text.plist.xml; path = Info.plist; sourceTree = "<group>"; };
/* End PBXFileReference section */

/* Begin PBXFrameworksBuildPhase section */
		684CCBE11F43408A00DA40A1 /* Frameworks */ = {
			isa = PBXFrameworksBuildPhase;
			buildActionMask = 2147483647;
			files = (
			);
			runOnlyForDeploymentPostprocessing = 0;
		};
		684CCBFA1F43438600DA40A1 /* Frameworks */ = {
			isa = PBXFrameworksBuildPhase;
			buildActionMask = 2147483647;
			files = (
			);
			runOnlyForDeploymentPostprocessing = 0;
		};
/* End PBXFrameworksBuildPhase section */

/* Begin PBXGroup section */
		684CCBDB1F43408A00DA40A1 = {
			isa = PBXGroup;
			children = (
				684CCBE61F43408A00DA40A1 /* OperationQueues */,
				684CCBFE1F43438600DA40A1 /* OperationQueuesTests */,
				684CCBE51F43408A00DA40A1 /* Products */,
			);
			sourceTree = "<group>";
		};
		684CCBE51F43408A00DA40A1 /* Products */ = {
			isa = PBXGroup;
			children = (
				684CCBE41F43408A00DA40A1 /* OperationQueues.app */,
				684CCBFD1F43438600DA40A1 /* OperationQueuesTests.xctest */,
			);
			name = Products;
			sourceTree = "<group>";
		};
		684CCBE61F43408A00DA40A1 /* OperationQueues */ = {
			isa = PBXGroup;
			children = (
				684CCBE71F43408A00DA40A1 /* AppDelegate.swift */,
				684CCBE91F43408A00DA40A1 /* ViewController.swift */,
				684CCBEB1F43408A00DA40A1 /* Main.storyboard */,
				684CCBEE1F43408A00DA40A1 /* Assets.xcassets */,
				684CCBF01F43408A00DA40A1 /* LaunchScreen.storyboard */,
				684CCBF31F43408A00DA40A1 /* Info.plist */,
			);
			path = OperationQueues;
			sourceTree = "<group>";
		};
		684CCBFE1F43438600DA40A1 /* OperationQueuesTests */ = {
			isa = PBXGroup;
			children = (
				684CCBFF1F43438600DA40A1 /* OperationQueuesTests.swift */,
				684CCC011F43438600DA40A1 /* Info.plist */,
			);
			path = OperationQueuesTests;
			sourceTree = "<group>";
		};
/* End PBXGroup section */

/* Begin PBXNativeTarget section */
		684CCBE31F43408A00DA40A1 /* OperationQueues */ = {
			isa = PBXNativeTarget;
			buildConfigurationList = 684CCBF61F43408A00DA40A1 /* Build configuration list for PBXNativeTarget "OperationQueues" */;
			buildPhases = (
				684CCBE01F43408A00DA40A1 /* Sources */,
				684CCBE11F43408A00DA40A1 /* Frameworks */,
				684CCBE21F43408A00DA40A1 /* Resources */,
			);
			buildRules = (
			);
			dependencies = (
			);
			name = OperationQueues;
			productName = OperationQueues;
			productReference = 684CCBE41F43408A00DA40A1 /* OperationQueues.app */;
			productType = "com.apple.product-type.application";
		};
		684CCBFC1F43438600DA40A1 /* OperationQueuesTests */ = {
			isa = PBXNativeTarget;
			buildConfigurationList = 684CCC041F43438600DA40A1 /* Build configuration list for PBXNativeTarget "OperationQueuesTests" */;
			buildPhases = (
				684CCBF91F43438600DA40A1 /* Sources */,
				684CCBFA1F43438600DA40A1 /* Frameworks */,
				684CCBFB1F43438600DA40A1 /* Resources */,
			);
			buildRules = (
			);
			dependencies = (
				684CCC031F43438600DA40A1 /* PBXTargetDependency */,
			);
			name = OperationQueuesTests;
			productName = OperationQueuesTests;
			productReference = 684CCBFD1F43438600DA40A1 /* OperationQueuesTests.xctest */;
			productType = "com.apple.product-type.bundle.unit-test";
		};
/* End PBXNativeTarget section */

/* Begin PBXProject section */
		684CCBDC1F43408A00DA40A1 /* Project object */ = {
			isa = PBXProject;
			attributes = {
				LastSwiftUpdateCheck = 0900;
				LastUpgradeCheck = 0900;
				ORGANIZATIONNAME = "Secret Lab";
				TargetAttributes = {
					684CCBE31F43408A00DA40A1 = {
						CreatedOnToolsVersion = 9.0;
					};
					684CCBFC1F43438600DA40A1 = {
						CreatedOnToolsVersion = 9.0;
						TestTargetID = 684CCBE31F43408A00DA40A1;
					};
				};
			};
			buildConfigurationList = 684CCBDF1F43408A00DA40A1 /* Build configuration list for PBXProject "OperationQueues" */;
			compatibilityVersion = "Xcode 8.0";
			developmentRegion = en;
			hasScannedForEncodings = 0;
			knownRegions = (
				en,
				Base,
			);
			mainGroup = 684CCBDB1F43408A00DA40A1;
			productRefGroup = 684CCBE51F43408A00DA40A1 /* Products */;
			projectDirPath = "";
			projectRoot = "";
			targets = (
				684CCBE31F43408A00DA40A1 /* OperationQueues */,
				684CCBFC1F43438600DA40A1 /* OperationQueuesTests */,
			);
		};
/* End PBXProject section */

/* Begin PBXResourcesBuildPhase section */
		684CCBE21F43408A00DA40A1 /* Resources */ = {
			isa = PBXResourcesBuildPhase;
			buildActionMask = 2147483647;
			files = (
				684CCBF21F43408A00DA40A1 /* LaunchScreen.storyboard in Resources */,
				684CCBEF1F43408A00DA40A1 /* Assets.xcassets in Resources */,
				684CCBED1F43408A00DA40A1 /* Main.storyboard in Resources */,
			);
			runOnlyForDeploymentPostprocessing = 0;
		};
		684CCBFB1F43438600DA40A1 /* Resources */ = {
			isa = PBXResourcesBuildPhase;
			buildActionMask = 2147483647;
			files = (
			);
			runOnlyForDeploymentPostprocessing = 0;
		};
/* End PBXResourcesBuildPhase section */

/* Begin PBXSourcesBuildPhase section */
		684CCBE01F43408A00DA40A1 /* Sources */ = {
			isa = PBXSourcesBuildPhase;
			buildActionMask = 2147483647;
			files = (
				684CCBEA1F43408A00DA40A1 /* ViewController.swift in Sources */,
				684CCBE81F43408A00DA40A1 /* AppDelegate.swift in Sources */,
			);
			runOnlyForDeploymentPostprocessing = 0;
		};
		684CCBF91F43438600DA40A1 /* Sources */ = {
			isa = PBXSourcesBuildPhase;
			buildActionMask = 2147483647;
			files = (
				684CCC001F43438600DA40A1 /* OperationQueuesTests.swift in Sources */,
			);
			runOnlyForDeploymentPostprocessing = 0;
		};
/* End PBXSourcesBuildPhase section */

/* Begin PBXTargetDependency section */
		684CCC031F43438600DA40A1 /* PBXTargetDependency */ = {
			isa = PBXTargetDependency;
			target = 684CCBE31F43408A00DA40A1 /* OperationQueues */;
			targetProxy = 684CCC021F43438600DA40A1 /* PBXContainerItemProxy */;
		};
/* End PBXTargetDependency section */

/* Begin PBXVariantGroup section */
		684CCBEB1F43408A00DA40A1 /* Main.storyboard */ = {
			isa = PBXVariantGroup;
			children = (
				684CCBEC1F43408A00DA40A1 /* Base */,
			);
			name = Main.storyboard;
			sourceTree = "<group>";
		};
		684CCBF01F43408A00DA40A1 /* LaunchScreen.storyboard */ = {
			isa = PBXVariantGroup;
			children = (
				684CCBF11F43408A00DA40A1 /* Base */,
			);
			name = LaunchScreen.storyboard;
			sourceTree = "<group>";
		};
/* End PBXVariantGroup section */

/* Begin XCBuildConfiguration section */
		684CCBF41F43408A00DA40A1 /* Debug */ = {
			isa = XCBuildConfiguration;
			buildSettings = {
				ALWAYS_SEARCH_USER_PATHS = NO;
				CLANG_ANALYZER_NONNULL = YES;
				CLANG_ANALYZER_NUMBER_OBJECT_CONVERSION = YES_AGGRESSIVE;
				CLANG_CXX_LANGUAGE_STANDARD = "gnu++14";
				CLANG_CXX_LIBRARY = "libc++";
				CLANG_ENABLE_MODULES = YES;
				CLANG_ENABLE_OBJC_ARC = YES;
				CLANG_WARN_BLOCK_CAPTURE_AUTORELEASING = YES;
				CLANG_WARN_BOOL_CONVERSION = YES;
				CLANG_WARN_COMMA = YES;
				CLANG_WARN_CONSTANT_CONVERSION = YES;
				CLANG_WARN_DIRECT_OBJC_ISA_USAGE = YES_ERROR;
				CLANG_WARN_DOCUMENTATION_COMMENTS = YES;
				CLANG_WARN_EMPTY_BODY = YES;
				CLANG_WARN_ENUM_CONVERSION = YES;
				CLANG_WARN_INFINITE_RECURSION = YES;
				CLANG_WARN_INT_CONVERSION = YES;
				CLANG_WARN_NON_LITERAL_NULL_CONVERSION = YES;
				CLANG_WARN_OBJC_LITERAL_CONVERSION = YES;
				CLANG_WARN_OBJC_ROOT_CLASS = YES_ERROR;
				CLANG_WARN_RANGE_LOOP_ANALYSIS = YES;
				CLANG_WARN_STRICT_PROTOTYPES = YES;
				CLANG_WARN_SUSPICIOUS_MOVE = YES;
				CLANG_WARN_UNGUARDED_AVAILABILITY = YES_AGGRESSIVE;
				CLANG_WARN_UNREACHABLE_CODE = YES;
				CLANG_WARN__DUPLICATE_METHOD_MATCH = YES;
				CODE_SIGN_IDENTITY = "iPhone Developer";
				COPY_PHASE_STRIP = NO;
				DEBUG_INFORMATION_FORMAT = dwarf;
				ENABLE_STRICT_OBJC_MSGSEND = YES;
				ENABLE_TESTABILITY = YES;
				GCC_C_LANGUAGE_STANDARD = gnu11;
				GCC_DYNAMIC_NO_PIC = NO;
				GCC_NO_COMMON_BLOCKS = YES;
				GCC_OPTIMIZATION_LEVEL = 0;
				GCC_PREPROCESSOR_DEFINITIONS = (
					"DEBUG=1",
					"$(inherited)",
				);
				GCC_WARN_64_TO_32_BIT_CONVERSION = YES;
				GCC_WARN_ABOUT_RETURN_TYPE = YES_ERROR;
				GCC_WARN_UNDECLARED_SELECTOR = YES;
				GCC_WARN_UNINITIALIZED_AUTOS = YES_AGGRESSIVE;
				GCC_WARN_UNUSED_FUNCTION = YES;
				GCC_WARN_UNUSED_VARIABLE = YES;
				IPHONEOS_DEPLOYMENT_TARGET = 11.0;
				MTL_ENABLE_DEBUG_INFO = YES;
				ONLY_ACTIVE_ARCH = YES;
				SDKROOT = iphoneos;
				SWIFT_ACTIVE_COMPILATION_CONDITIONS = DEBUG;
				SWIFT_OPTIMIZATION_LEVEL = "-Onone";
			};
			name = Debug;
		};
		684CCBF51F43408A00DA40A1 /* Release */ = {
			isa = XCBuildConfiguration;
			buildSettings = {
				ALWAYS_SEARCH_USER_PATHS = NO;
				CLANG_ANALYZER_NONNULL = YES;
				CLANG_ANALYZER_NUMBER_OBJECT_CONVERSION = YES_AGGRESSIVE;
				CLANG_CXX_LANGUAGE_STANDARD = "gnu++14";
				CLANG_CXX_LIBRARY = "libc++";
				CLANG_ENABLE_MODULES = YES;
				CLANG_ENABLE_OBJC_ARC = YES;
				CLANG_WARN_BLOCK_CAPTURE_AUTORELEASING = YES;
				CLANG_WARN_BOOL_CONVERSION = YES;
				CLANG_WARN_COMMA = YES;
				CLANG_WARN_CONSTANT_CONVERSION = YES;
				CLANG_WARN_DIRECT_OBJC_ISA_USAGE = YES_ERROR;
				CLANG_WARN_DOCUMENTATION_COMMENTS = YES;
				CLANG_WARN_EMPTY_BODY = YES;
				CLANG_WARN_ENUM_CONVERSION = YES;
				CLANG_WARN_INFINITE_RECURSION = YES;
				CLANG_WARN_INT_CONVERSION = YES;
				CLANG_WARN_NON_LITERAL_NULL_CONVERSION = YES;
				CLANG_WARN_OBJC_LITERAL_CONVERSION = YES;
				CLANG_WARN_OBJC_ROOT_CLASS = YES_ERROR;
				CLANG_WARN_RANGE_LOOP_ANALYSIS = YES;
				CLANG_WARN_STRICT_PROTOTYPES = YES;
				CLANG_WARN_SUSPICIOUS_MOVE = YES;
				CLANG_WARN_UNGUARDED_AVAILABILITY = YES_AGGRESSIVE;
				CLANG_WARN_UNREACHABLE_CODE = YES;
				CLANG_WARN__DUPLICATE_METHOD_MATCH = YES;
				CODE_SIGN_IDENTITY = "iPhone Developer";
				COPY_PHASE_STRIP = NO;
				DEBUG_INFORMATION_FORMAT = "dwarf-with-dsym";
				ENABLE_NS_ASSERTIONS = NO;
				ENABLE_STRICT_OBJC_MSGSEND = YES;
				GCC_C_LANGUAGE_STANDARD = gnu11;
				GCC_NO_COMMON_BLOCKS = YES;
				GCC_WARN_64_TO_32_BIT_CONVERSION = YES;
				GCC_WARN_ABOUT_RETURN_TYPE = YES_ERROR;
				GCC_WARN_UNDECLARED_SELECTOR = YES;
				GCC_WARN_UNINITIALIZED_AUTOS = YES_AGGRESSIVE;
				GCC_WARN_UNUSED_FUNCTION = YES;
				GCC_WARN_UNUSED_VARIABLE = YES;
				IPHONEOS_DEPLOYMENT_TARGET = 11.0;
				MTL_ENABLE_DEBUG_INFO = NO;
				SDKROOT = iphoneos;
				SWIFT_OPTIMIZATION_LEVEL = "-Owholemodule";
				VALIDATE_PRODUCT = YES;
			};
			name = Release;
		};
		684CCBF71F43408A00DA40A1 /* Debug */ = {
			isa = XCBuildConfiguration;
			buildSettings = {
				ASSETCATALOG_COMPILER_APPICON_NAME = AppIcon;
				DEVELOPMENT_TEAM = 5V2A4389PA;
				INFOPLIST_FILE = OperationQueues/Info.plist;
				LD_RUNPATH_SEARCH_PATHS = "$(inherited) @executable_path/Frameworks";
				PRODUCT_BUNDLE_IDENTIFIER = au.com.secretlab.training.OperationQueues;
				PRODUCT_NAME = "$(TARGET_NAME)";
				SWIFT_VERSION = 4.0;
				TARGETED_DEVICE_FAMILY = "1,2";
			};
			name = Debug;
		};
		684CCBF81F43408A00DA40A1 /* Release */ = {
			isa = XCBuildConfiguration;
			buildSettings = {
				ASSETCATALOG_COMPILER_APPICON_NAME = AppIcon;
				DEVELOPMENT_TEAM = 5V2A4389PA;
				INFOPLIST_FILE = OperationQueues/Info.plist;
				LD_RUNPATH_SEARCH_PATHS = "$(inherited) @executable_path/Frameworks";
				PRODUCT_BUNDLE_IDENTIFIER = au.com.secretlab.training.OperationQueues;
				PRODUCT_NAME = "$(TARGET_NAME)";
				SWIFT_VERSION = 4.0;
				TARGETED_DEVICE_FAMILY = "1,2";
			};
			name = Release;
		};
		684CCC051F43438600DA40A1 /* Debug */ = {
			isa = XCBuildConfiguration;
			buildSettings = {
				BUNDLE_LOADER = "$(TEST_HOST)";
				DEVELOPMENT_TEAM = 5V2A4389PA;
				INFOPLIST_FILE = OperationQueuesTests/Info.plist;
				LD_RUNPATH_SEARCH_PATHS = "$(inherited) @executable_path/Frameworks @loader_path/Frameworks";
				PRODUCT_BUNDLE_IDENTIFIER = au.com.secretlab.training.OperationQueuesTests;
				PRODUCT_NAME = "$(TARGET_NAME)";
				SWIFT_VERSION = 4.0;
				TARGETED_DEVICE_FAMILY = "1,2";
				TEST_HOST = "$(BUILT_PRODUCTS_DIR)/OperationQueues.app/OperationQueues";
			};
			name = Debug;
		};
		684CCC061F43438600DA40A1 /* Release */ = {
			isa = XCBuildConfiguration;
			buildSettings = {
				BUNDLE_LOADER = "$(TEST_HOST)";
				DEVELOPMENT_TEAM = 5V2A4389PA;
				INFOPLIST_FILE = OperationQueuesTests/Info.plist;
				LD_RUNPATH_SEARCH_PATHS = "$(inherited) @executable_path/Frameworks @loader_path/Frameworks";
				PRODUCT_BUNDLE_IDENTIFIER = au.com.secretlab.training.OperationQueuesTests;
				PRODUCT_NAME = "$(TARGET_NAME)";
				SWIFT_VERSION = 4.0;
				TARGETED_DEVICE_FAMILY = "1,2";
				TEST_HOST = "$(BUILT_PRODUCTS_DIR)/OperationQueues.app/OperationQueues";
			};
			name = Release;
		};
/* End XCBuildConfiguration section */

/* Begin XCConfigurationList section */
		684CCBDF1F43408A00DA40A1 /* Build configuration list for PBXProject "OperationQueues" */ = {
			isa = XCConfigurationList;
			buildConfigurations = (
				684CCBF41F43408A00DA40A1 /* Debug */,
				684CCBF51F43408A00DA40A1 /* Release */,
			);
			defaultConfigurationIsVisible = 0;
			defaultConfigurationName = Release;
		};
		684CCBF61F43408A00DA40A1 /* Build configuration list for PBXNativeTarget "OperationQueues" */ = {
			isa = XCConfigurationList;
			buildConfigurations = (
				684CCBF71F43408A00DA40A1 /* Debug */,
				684CCBF81F43408A00DA40A1 /* Release */,
			);
			defaultConfigurationIsVisible = 0;
			defaultConfigurationName = Release;
		};
		684CCC041F43438600DA40A1 /* Build configuration list for PBXNativeTarget "OperationQueuesTests" */ = {
			isa = XCConfigurationList;
			buildConfigurations = (
				684CCC051F43438600DA40A1 /* Debug */,
				684CCC061F43438600DA40A1 /* Release */,
			);
			defaultConfigurationIsVisible = 0;
			defaultConfigurationName = Release;
		};
/* End XCConfigurationList section */
	};
	rootObject = 684CCBDC1F43408A00DA40A1 /* Project object */;
}
